
Microsoft Visual Studio Solution File, Format Version 12.00
# Visual Studio 15
VisualStudioVersion = 15.0.28010.2041
MinimumVisualStudioVersion = 10.0.40219.1
Project("{FAE04EC0-301F-11D3-BF4B-00C04F79EFBC}") = "HeadFirst_Ch1", "HeadFirst_Ch1\HeadFirst_Ch1.csproj", "{3D127058-D8E6-4D62-B253-5BA5DDC49912}"
EndProject
Project("{FAE04EC0-301F-11D3-BF4B-00C04F79EFBC}") = "Pizza", "Pizza\Pizza.csproj", "{936C39C0-4C03-44B8-95D3-1240D031E696}"
EndProject
Project("{FAE04EC0-301F-11D3-BF4B-00C04F79EFBC}") = "HeadFirst_Ch2", "HeadFirst_Ch2\HeadFirst_Ch2.csproj", "{80CCF008-CB5B-431B-969C-65A20A937BB3}"
EndProject
Project("{FAE04EC0-301F-11D3-BF4B-00C04F79EFBC}") = "HeadFirst_Ch3", "HeadFirst_Ch3\HeadFirst_Ch3.csproj", "{AD16C39F-8EBD-40DC-A4F1-BDF2CB75AFCB}"
EndProject
Project("{FAE04EC0-301F-11D3-BF4B-00C04F79EFBC}") = "Threading", "Threading\Threading.csproj", "{6FC31BDC-C959-4E3F-A1D6-60AEA8BE39BC}"
EndProject
Project("{FAE04EC0-301F-11D3-BF4B-00C04F79EFBC}") = "CircularBuffer", "CircularBuffer\CircularBuffer.csproj", "{3E51E56A-4894-4E6A-9F15-6E3102023E83}"
EndProject
Project("{FAE04EC0-301F-11D3-BF4B-00C04F79EFBC}") = "CircularBuffer_2", "CircularBuffer_2\CircularBuffer_2.csproj", "{B8073B4C-F9F8-444D-9FC3-476045CC5F84}"
EndProject
Project("{FAE04EC0-301F-11D3-BF4B-00C04F79EFBC}") = "Misc_1", "Misc_1\Misc_1.csproj", "{2C3FAFF4-DCB6-4438-8690-A95CA28869EE}"
EndProject
Global
	GlobalSection(SolutionConfigurationPlatforms) = preSolution
		Debug|Any CPU = Debug|Any CPU
		Release|Any CPU = Release|Any CPU
	EndGlobalSection
	GlobalSection(ProjectConfigurationPlatforms) = postSolution
		{3D127058-D8E6-4D62-B253-5BA5DDC49912}.Debug|Any CPU.ActiveCfg = Debug|Any CPU
		{3D127058-D8E6-4D62-B253-5BA5DDC49912}.Debug|Any CPU.Build.0 = Debug|Any CPU
		{3D127058-D8E6-4D62-B253-5BA5DDC49912}.Release|Any CPU.ActiveCfg = Release|Any CPU
		{3D127058-D8E6-4D62-B253-5BA5DDC49912}.Release|Any CPU.Build.0 = Release|Any CPU
		{936C39C0-4C03-44B8-95D3-1240D031E696}.Debug|Any CPU.ActiveCfg = Debug|Any CPU
		{936C39C0-4C03-44B8-95D3-1240D031E696}.Debug|Any CPU.Build.0 = Debug|Any CPU
		{936C39C0-4C03-44B8-95D3-1240D031E696}.Release|Any CPU.ActiveCfg = Release|Any CPU
		{936C39C0-4C03-44B8-95D3-1240D031E696}.Release|Any CPU.Build.0 = Release|Any CPU
		{80CCF008-CB5B-431B-969C-65A20A937BB3}.Debug|Any CPU.ActiveCfg = Debug|Any CPU
		{80CCF008-CB5B-431B-969C-65A20A937BB3}.Debug|Any CPU.Build.0 = Debug|Any CPU
		{80CCF008-CB5B-431B-969C-65A20A937BB3}.Release|Any CPU.ActiveCfg = Release|Any CPU
		{80CCF008-CB5B-431B-969C-65A20A937BB3}.Release|Any CPU.Build.0 = Release|Any CPU
		{AD16C39F-8EBD-40DC-A4F1-BDF2CB75AFCB}.Debug|Any CPU.ActiveCfg = Debug|Any CPU
		{AD16C39F-8EBD-40DC-A4F1-BDF2CB75AFCB}.Debug|Any CPU.Build.0 = Debug|Any CPU
		{AD16C39F-8EBD-40DC-A4F1-BDF2CB75AFCB}.Release|Any CPU.ActiveCfg = Release|Any CPU
		{AD16C39F-8EBD-40DC-A4F1-BDF2CB75AFCB}.Release|Any CPU.Build.0 = Release|Any CPU
		{6FC31BDC-C959-4E3F-A1D6-60AEA8BE39BC}.Debug|Any CPU.ActiveCfg = Debug|Any CPU
		{6FC31BDC-C959-4E3F-A1D6-60AEA8BE39BC}.Debug|Any CPU.Build.0 = Debug|Any CPU
		{6FC31BDC-C959-4E3F-A1D6-60AEA8BE39BC}.Release|Any CPU.ActiveCfg = Release|Any CPU
		{6FC31BDC-C959-4E3F-A1D6-60AEA8BE39BC}.Release|Any CPU.Build.0 = Release|Any CPU
		{3E51E56A-4894-4E6A-9F15-6E3102023E83}.Debug|Any CPU.ActiveCfg = Debug|Any CPU
		{3E51E56A-4894-4E6A-9F15-6E3102023E83}.Debug|Any CPU.Build.0 = Debug|Any CPU
		{3E51E56A-4894-4E6A-9F15-6E3102023E83}.Release|Any CPU.ActiveCfg = Release|Any CPU
		{3E51E56A-4894-4E6A-9F15-6E3102023E83}.Release|Any CPU.Build.0 = Release|Any CPU
		{B8073B4C-F9F8-444D-9FC3-476045CC5F84}.Debug|Any CPU.ActiveCfg = Debug|Any CPU
		{B8073B4C-F9F8-444D-9FC3-476045CC5F84}.Debug|Any CPU.Build.0 = Debug|Any CPU
		{B8073B4C-F9F8-444D-9FC3-476045CC5F84}.Release|Any CPU.ActiveCfg = Release|Any CPU
		{B8073B4C-F9F8-444D-9FC3-476045CC5F84}.Release|Any CPU.Build.0 = Release|Any CPU
		{2C3FAFF4-DCB6-4438-8690-A95CA28869EE}.Debug|Any CPU.ActiveCfg = Debug|Any CPU
		{2C3FAFF4-DCB6-4438-8690-A95CA28869EE}.Debug|Any CPU.Build.0 = Debug|Any CPU
		{2C3FAFF4-DCB6-4438-8690-A95CA28869EE}.Release|Any CPU.ActiveCfg = Release|Any CPU
		{2C3FAFF4-DCB6-4438-8690-A95CA28869EE}.Release|Any CPU.Build.0 = Release|Any CPU
	EndGlobalSection
	GlobalSection(SolutionProperties) = preSolution
		HideSolutionNode = FALSE
	EndGlobalSection
	GlobalSection(ExtensibilityGlobals) = postSolution
		SolutionGuid = {DF6FA49B-4D13-4424-BAD1-311E1A5CC770}
	EndGlobalSection
EndGlobal
